
Microsoft Visual Studio Solution File, Format Version 11.00
# Visual Studio 2010
Project("{8BC9CEB8-8B4A-11D0-8D11-00A0C91BC942}") = "RenderUtils", "RenderUtils\RenderUtils.vcxproj", "{8F673AE0-A391-4E4C-9A9A-4AC7B9BC62B0}"
EndProject
Project("{8BC9CEB8-8B4A-11D0-8D11-00A0C91BC942}") = "assignment6", "assignment6\assignment6.vcxproj", "{A7262AFF-8094-4D6C-8BEB-256791A016FB}"
EndProject
Global
	GlobalSection(SolutionConfigurationPlatforms) = preSolution
		Debug|Win32 = Debug|Win32
		Release|Win32 = Release|Win32
	EndGlobalSection
	GlobalSection(ProjectConfigurationPlatforms) = postSolution
		{8F673AE0-A391-4E4C-9A9A-4AC7B9BC62B0}.Debug|Win32.ActiveCfg = Debug|Win32
		{8F673AE0-A391-4E4C-9A9A-4AC7B9BC62B0}.Debug|Win32.Build.0 = Debug|Win32
		{8F673AE0-A391-4E4C-9A9A-4AC7B9BC62B0}.Release|Win32.ActiveCfg = Release|Win32
		{8F673AE0-A391-4E4C-9A9A-4AC7B9BC62B0}.Release|Win32.Build.0 = Release|Win32
		{A7262AFF-8094-4D6C-8BEB-256791A016FB}.Debug|Win32.ActiveCfg = Debug|Win32
		{A7262AFF-8094-4D6C-8BEB-256791A016FB}.Debug|Win32.Build.0 = Debug|Win32
		{A7262AFF-8094-4D6C-8BEB-256791A016FB}.Release|Win32.ActiveCfg = Release|Win32
		{A7262AFF-8094-4D6C-8BEB-256791A016FB}.Release|Win32.Build.0 = Release|Win32
	EndGlobalSection
	GlobalSection(SolutionProperties) = preSolution
		HideSolutionNode = FALSE
	EndGlobalSection
EndGlobal
